
Microsoft Visual Studio Solution File, Format Version 12.00
# Visual Studio Version 16
VisualStudioVersion = 16.0.33801.447
MinimumVisualStudioVersion = 10.0.40219.1
Project("{FAE04EC0-301F-11D3-BF4B-00C04F79EFBC}") = "BMS-New", "BMS-New\BMS-New.csproj", "{BDD81CBC-4F3D-4E6C-A196-A334F624108E}"
EndProject
Global
	GlobalSection(SolutionConfigurationPlatforms) = preSolution
		Debug|Any CPU = Debug|Any CPU
		Release|Any CPU = Release|Any CPU
	EndGlobalSection
	GlobalSection(ProjectConfigurationPlatforms) = postSolution
		{BDD81CBC-4F3D-4E6C-A196-A334F624108E}.Debug|Any CPU.ActiveCfg = Debug|Any CPU
		{BDD81CBC-4F3D-4E6C-A196-A334F624108E}.Debug|Any CPU.Build.0 = Debug|Any CPU
		{BDD81CBC-4F3D-4E6C-A196-A334F624108E}.Release|Any CPU.ActiveCfg = Release|Any CPU
		{BDD81CBC-4F3D-4E6C-A196-A334F624108E}.Release|Any CPU.Build.0 = Release|Any CPU
	EndGlobalSection
	GlobalSection(SolutionProperties) = preSolution
		HideSolutionNode = FALSE
	EndGlobalSection
	GlobalSection(ExtensibilityGlobals) = postSolution
		SolutionGuid = {A477AA33-A7DC-4B75-84E2-EEC197330BB6}
	EndGlobalSection
EndGlobal
